// !$*UTF8*$!
{
	archiveVersion = 1;
	classes = {
	};
	objectVersion = 46;
	objects = {

/* Begin PBXBuildFile section */
		4F7C753A1C6E3AF4001EA5C8 /* AppDelegate.swift in Sources */ = {isa = PBXBuildFile; fileRef = 4F7C75391C6E3AF4001EA5C8 /* AppDelegate.swift */; };
		4F7C753F1C6E3AF4001EA5C8 /* Main.storyboard in Resources */ = {isa = PBXBuildFile; fileRef = 4F7C753D1C6E3AF4001EA5C8 /* Main.storyboard */; };
		4F7C75411C6E3AF4001EA5C8 /* Assets.xcassets in Resources */ = {isa = PBXBuildFile; fileRef = 4F7C75401C6E3AF4001EA5C8 /* Assets.xcassets */; };
		4F7C75441C6E3AF4001EA5C8 /* LaunchScreen.storyboard in Resources */ = {isa = PBXBuildFile; fileRef = 4F7C75421C6E3AF4001EA5C8 /* LaunchScreen.storyboard */; };
		4F7C754C1C6E3DF3001EA5C8 /* DagensTableViewController.swift in Sources */ = {isa = PBXBuildFile; fileRef = 4F7C754B1C6E3DF3001EA5C8 /* DagensTableViewController.swift */; };
		4F7C754E1C6E3FF9001EA5C8 /* DagensRestaurantTableViewCell.swift in Sources */ = {isa = PBXBuildFile; fileRef = 4F7C754D1C6E3FF9001EA5C8 /* DagensRestaurantTableViewCell.swift */; };
		4F99CC075E8DAA787D040893 /* Pods_Applitude.framework in Frameworks */ = {isa = PBXBuildFile; fileRef = E08A31EDF7A33C2007FE7276 /* Pods_Applitude.framework */; };
		4FD9B5311C778F8200AA204D /* SettingsTableViewCell.swift in Sources */ = {isa = PBXBuildFile; fileRef = 4FD9B5301C778F8200AA204D /* SettingsTableViewCell.swift */; };
		6EF674F61C6E545B00B8C3F2 /* Dish.swift in Sources */ = {isa = PBXBuildFile; fileRef = 6EF674F51C6E545B00B8C3F2 /* Dish.swift */; };
		9F7AAAC91C99C39D00320B31 /* RESTController.swift in Sources */ = {isa = PBXBuildFile; fileRef = 9F7AAAC81C99C39D00320B31 /* RESTController.swift */; };
		9F8DD5CD1CE60496002652A3 /* DagensDishTableViewCell.swift in Sources */ = {isa = PBXBuildFile; fileRef = 9F8DD5CC1CE60496002652A3 /* DagensDishTableViewCell.swift */; };
		9F937B751C6E67ED00AB947D /* Settings.swift in Sources */ = {isa = PBXBuildFile; fileRef = 9F937B741C6E67ED00AB947D /* Settings.swift */; };
		9F937B771C6E6A5600AB947D /* DataManager.swift in Sources */ = {isa = PBXBuildFile; fileRef = 9F937B761C6E6A5600AB947D /* DataManager.swift */; };
		9F937B7D1C6E750A00AB947D /* SettingsTableViewController.swift in Sources */ = {isa = PBXBuildFile; fileRef = 9F937B7C1C6E750A00AB947D /* SettingsTableViewController.swift */; };
		9FBA773B1C777D0200AB6271 /* Restaurant.swift in Sources */ = {isa = PBXBuildFile; fileRef = 9FBA773A1C777D0200AB6271 /* Restaurant.swift */; };
/* End PBXBuildFile section */

/* Begin PBXFileReference section */
		4F7C75361C6E3AF4001EA5C8 /* Applitude.app */ = {isa = PBXFileReference; explicitFileType = wrapper.application; includeInIndex = 0; path = Applitude.app; sourceTree = BUILT_PRODUCTS_DIR; };
		4F7C75391C6E3AF4001EA5C8 /* AppDelegate.swift */ = {isa = PBXFileReference; lastKnownFileType = sourcecode.swift; path = AppDelegate.swift; sourceTree = "<group>"; };
		4F7C753E1C6E3AF4001EA5C8 /* Base */ = {isa = PBXFileReference; lastKnownFileType = file.storyboard; name = Base; path = Base.lproj/Main.storyboard; sourceTree = "<group>"; };
		4F7C75401C6E3AF4001EA5C8 /* Assets.xcassets */ = {isa = PBXFileReference; lastKnownFileType = folder.assetcatalog; path = Assets.xcassets; sourceTree = "<group>"; };
		4F7C75431C6E3AF4001EA5C8 /* Base */ = {isa = PBXFileReference; lastKnownFileType = file.storyboard; name = Base; path = Base.lproj/LaunchScreen.storyboard; sourceTree = "<group>"; };
		4F7C75451C6E3AF4001EA5C8 /* Info.plist */ = {isa = PBXFileReference; lastKnownFileType = text.plist.xml; path = Info.plist; sourceTree = "<group>"; };
		4F7C754B1C6E3DF3001EA5C8 /* DagensTableViewController.swift */ = {isa = PBXFileReference; fileEncoding = 4; lastKnownFileType = sourcecode.swift; path = DagensTableViewController.swift; sourceTree = "<group>"; };
		4F7C754D1C6E3FF9001EA5C8 /* DagensRestaurantTableViewCell.swift */ = {isa = PBXFileReference; fileEncoding = 4; lastKnownFileType = sourcecode.swift; path = DagensRestaurantTableViewCell.swift; sourceTree = "<group>"; };
		4FD9B5301C778F8200AA204D /* SettingsTableViewCell.swift */ = {isa = PBXFileReference; fileEncoding = 4; lastKnownFileType = sourcecode.swift; path = SettingsTableViewCell.swift; sourceTree = "<group>"; };
		65A506F4DA927E13C71A8CD4 /* Pods-Applitude.debug.xcconfig */ = {isa = PBXFileReference; includeInIndex = 1; lastKnownFileType = text.xcconfig; name = "Pods-Applitude.debug.xcconfig"; path = "Pods/Target Support Files/Pods-Applitude/Pods-Applitude.debug.xcconfig"; sourceTree = "<group>"; };
		6EF674F51C6E545B00B8C3F2 /* Dish.swift */ = {isa = PBXFileReference; fileEncoding = 4; lastKnownFileType = sourcecode.swift; path = Dish.swift; sourceTree = "<group>"; };
		9F7AAAC81C99C39D00320B31 /* RESTController.swift */ = {isa = PBXFileReference; fileEncoding = 4; lastKnownFileType = sourcecode.swift; path = RESTController.swift; sourceTree = "<group>"; };
		9F8DD5CC1CE60496002652A3 /* DagensDishTableViewCell.swift */ = {isa = PBXFileReference; fileEncoding = 4; lastKnownFileType = sourcecode.swift; path = DagensDishTableViewCell.swift; sourceTree = "<group>"; };
		9F937B741C6E67ED00AB947D /* Settings.swift */ = {isa = PBXFileReference; fileEncoding = 4; lastKnownFileType = sourcecode.swift; path = Settings.swift; sourceTree = "<group>"; };
		9F937B761C6E6A5600AB947D /* DataManager.swift */ = {isa = PBXFileReference; fileEncoding = 4; lastKnownFileType = sourcecode.swift; path = DataManager.swift; sourceTree = "<group>"; };
		9F937B7C1C6E750A00AB947D /* SettingsTableViewController.swift */ = {isa = PBXFileReference; fileEncoding = 4; lastKnownFileType = sourcecode.swift; path = SettingsTableViewController.swift; sourceTree = "<group>"; };
		9FBA773A1C777D0200AB6271 /* Restaurant.swift */ = {isa = PBXFileReference; fileEncoding = 4; lastKnownFileType = sourcecode.swift; path = Restaurant.swift; sourceTree = "<group>"; };
		BDE31878E176434BE9799C19 /* Pods-Applitude.release.xcconfig */ = {isa = PBXFileReference; includeInIndex = 1; lastKnownFileType = text.xcconfig; name = "Pods-Applitude.release.xcconfig"; path = "Pods/Target Support Files/Pods-Applitude/Pods-Applitude.release.xcconfig"; sourceTree = "<group>"; };
		DAE655EB82E1224E8B451C26 /* Pods.framework */ = {isa = PBXFileReference; explicitFileType = wrapper.framework; includeInIndex = 0; path = Pods.framework; sourceTree = BUILT_PRODUCTS_DIR; };
		E08A31EDF7A33C2007FE7276 /* Pods_Applitude.framework */ = {isa = PBXFileReference; explicitFileType = wrapper.framework; includeInIndex = 0; path = Pods_Applitude.framework; sourceTree = BUILT_PRODUCTS_DIR; };
/* End PBXFileReference section */

/* Begin PBXFrameworksBuildPhase section */
		4F7C75331C6E3AF4001EA5C8 /* Frameworks */ = {
			isa = PBXFrameworksBuildPhase;
			buildActionMask = 2147483647;
			files = (
				4F99CC075E8DAA787D040893 /* Pods_Applitude.framework in Frameworks */,
			);
			runOnlyForDeploymentPostprocessing = 0;
		};
/* End PBXFrameworksBuildPhase section */

/* Begin PBXGroup section */
		4F7C752D1C6E3AF4001EA5C8 = {
			isa = PBXGroup;
			children = (
				4F7C75381C6E3AF4001EA5C8 /* Applitude */,
				4F7C75371C6E3AF4001EA5C8 /* Products */,
				B0E22D561F21D435E08999BB /* Frameworks */,
				C66F7BBB2FE0F59EE3DEEE92 /* Pods */,
			);
			sourceTree = "<group>";
		};
		4F7C75371C6E3AF4001EA5C8 /* Products */ = {
			isa = PBXGroup;
			children = (
				4F7C75361C6E3AF4001EA5C8 /* Applitude.app */,
			);
			name = Products;
			sourceTree = "<group>";
		};
		4F7C75381C6E3AF4001EA5C8 /* Applitude */ = {
			isa = PBXGroup;
			children = (
				9F937B721C6E5FA400AB947D /* Models */,
				9F937B6F1C6E5F3F00AB947D /* ViewControllers */,
				9F937B731C6E5FC600AB947D /* Views */,
				9F937B6E1C6E5F3500AB947D /* Delegates */,
				9F937B701C6E5F4C00AB947D /* Storyboards */,
				9F937B711C6E5F9B00AB947D /* Setup */,
				4F7C75401C6E3AF4001EA5C8 /* Assets.xcassets */,
			);
			path = Applitude;
			sourceTree = "<group>";
		};
		9F937B6E1C6E5F3500AB947D /* Delegates */ = {
			isa = PBXGroup;
			children = (
				4F7C75391C6E3AF4001EA5C8 /* AppDelegate.swift */,
			);
			name = Delegates;
			sourceTree = "<group>";
		};
		9F937B6F1C6E5F3F00AB947D /* ViewControllers */ = {
			isa = PBXGroup;
			children = (
				4F7C754B1C6E3DF3001EA5C8 /* DagensTableViewController.swift */,
				9F937B7C1C6E750A00AB947D /* SettingsTableViewController.swift */,
			);
			name = ViewControllers;
			sourceTree = "<group>";
		};
		9F937B701C6E5F4C00AB947D /* Storyboards */ = {
			isa = PBXGroup;
			children = (
				4F7C753D1C6E3AF4001EA5C8 /* Main.storyboard */,
				4F7C75421C6E3AF4001EA5C8 /* LaunchScreen.storyboard */,
			);
			name = Storyboards;
			sourceTree = "<group>";
		};
		9F937B711C6E5F9B00AB947D /* Setup */ = {
			isa = PBXGroup;
			children = (
				4F7C75451C6E3AF4001EA5C8 /* Info.plist */,
			);
			name = Setup;
			sourceTree = "<group>";
		};
		9F937B721C6E5FA400AB947D /* Models */ = {
			isa = PBXGroup;
			children = (
				6EF674F51C6E545B00B8C3F2 /* Dish.swift */,
				9FBA773A1C777D0200AB6271 /* Restaurant.swift */,
				9F937B761C6E6A5600AB947D /* DataManager.swift */,
				9F7AAAC81C99C39D00320B31 /* RESTController.swift */,
				9F937B741C6E67ED00AB947D /* Settings.swift */,
			);
			name = Models;
			sourceTree = "<group>";
		};
		9F937B731C6E5FC600AB947D /* Views */ = {
			isa = PBXGroup;
			children = (
				4F7C754D1C6E3FF9001EA5C8 /* DagensRestaurantTableViewCell.swift */,
				9F8DD5CC1CE60496002652A3 /* DagensDishTableViewCell.swift */,
				4FD9B5301C778F8200AA204D /* SettingsTableViewCell.swift */,
			);
			name = Views;
			sourceTree = "<group>";
		};
		B0E22D561F21D435E08999BB /* Frameworks */ = {
			isa = PBXGroup;
			children = (
				DAE655EB82E1224E8B451C26 /* Pods.framework */,
				E08A31EDF7A33C2007FE7276 /* Pods_Applitude.framework */,
			);
			name = Frameworks;
			sourceTree = "<group>";
		};
		C66F7BBB2FE0F59EE3DEEE92 /* Pods */ = {
			isa = PBXGroup;
			children = (
				65A506F4DA927E13C71A8CD4 /* Pods-Applitude.debug.xcconfig */,
				BDE31878E176434BE9799C19 /* Pods-Applitude.release.xcconfig */,
			);
			name = Pods;
			sourceTree = "<group>";
		};
/* End PBXGroup section */

/* Begin PBXNativeTarget section */
		4F7C75351C6E3AF4001EA5C8 /* Applitude */ = {
			isa = PBXNativeTarget;
			buildConfigurationList = 4F7C75481C6E3AF4001EA5C8 /* Build configuration list for PBXNativeTarget "Applitude" */;
			buildPhases = (
				8AF7C14C0D169BFF812DFFEC /* 📦 Check Pods Manifest.lock */,
				4F7C75321C6E3AF4001EA5C8 /* Sources */,
				4F7C75331C6E3AF4001EA5C8 /* Frameworks */,
				4F7C75341C6E3AF4001EA5C8 /* Resources */,
				D019B6B393DD9F76E5DEDF39 /* 📦 Embed Pods Frameworks */,
				9B4ADFD82F61077A37708F32 /* 📦 Copy Pods Resources */,
				F490C35103F2730369824D8E /* Embed Pods Frameworks */,
			);
			buildRules = (
			);
			dependencies = (
			);
			name = Applitude;
			productName = Applitude;
			productReference = 4F7C75361C6E3AF4001EA5C8 /* Applitude.app */;
			productType = "com.apple.product-type.application";
		};
/* End PBXNativeTarget section */

/* Begin PBXProject section */
		4F7C752E1C6E3AF4001EA5C8 /* Project object */ = {
			isa = PBXProject;
			attributes = {
				LastSwiftUpdateCheck = 0720;
				LastUpgradeCheck = 0720;
				ORGANIZATIONNAME = Applitude;
				TargetAttributes = {
					4F7C75351C6E3AF4001EA5C8 = {
						CreatedOnToolsVersion = 7.2.1;
						DevelopmentTeam = T83284H5PN;
					};
				};
			};
			buildConfigurationList = 4F7C75311C6E3AF4001EA5C8 /* Build configuration list for PBXProject "Applitude" */;
			compatibilityVersion = "Xcode 3.2";
			developmentRegion = English;
			hasScannedForEncodings = 0;
			knownRegions = (
				en,
				Base,
			);
			mainGroup = 4F7C752D1C6E3AF4001EA5C8;
			productRefGroup = 4F7C75371C6E3AF4001EA5C8 /* Products */;
			projectDirPath = "";
			projectRoot = "";
			targets = (
				4F7C75351C6E3AF4001EA5C8 /* Applitude */,
			);
		};
/* End PBXProject section */

/* Begin PBXResourcesBuildPhase section */
		4F7C75341C6E3AF4001EA5C8 /* Resources */ = {
			isa = PBXResourcesBuildPhase;
			buildActionMask = 2147483647;
			files = (
				4F7C75441C6E3AF4001EA5C8 /* LaunchScreen.storyboard in Resources */,
				4F7C75411C6E3AF4001EA5C8 /* Assets.xcassets in Resources */,
				4F7C753F1C6E3AF4001EA5C8 /* Main.storyboard in Resources */,
			);
			runOnlyForDeploymentPostprocessing = 0;
		};
/* End PBXResourcesBuildPhase section */

/* Begin PBXShellScriptBuildPhase section */
		8AF7C14C0D169BFF812DFFEC /* 📦 Check Pods Manifest.lock */ = {
			isa = PBXShellScriptBuildPhase;
			buildActionMask = 2147483647;
			files = (
			);
			inputPaths = (
			);
			name = "📦 Check Pods Manifest.lock";
			outputPaths = (
			);
			runOnlyForDeploymentPostprocessing = 0;
			shellPath = /bin/sh;
			shellScript = "diff \"${PODS_ROOT}/../Podfile.lock\" \"${PODS_ROOT}/Manifest.lock\" > /dev/null\nif [[ $? != 0 ]] ; then\n    cat << EOM\nerror: The sandbox is not in sync with the Podfile.lock. Run 'pod install' or update your CocoaPods installation.\nEOM\n    exit 1\nfi\n";
			showEnvVarsInLog = 0;
		};
		9B4ADFD82F61077A37708F32 /* 📦 Copy Pods Resources */ = {
			isa = PBXShellScriptBuildPhase;
			buildActionMask = 2147483647;
			files = (
			);
			inputPaths = (
			);
			name = "📦 Copy Pods Resources";
			outputPaths = (
			);
			runOnlyForDeploymentPostprocessing = 0;
			shellPath = /bin/sh;
			shellScript = "\"${SRCROOT}/Pods/Target Support Files/Pods-Applitude/Pods-Applitude-resources.sh\"\n";
			showEnvVarsInLog = 0;
		};
		D019B6B393DD9F76E5DEDF39 /* 📦 Embed Pods Frameworks */ = {
			isa = PBXShellScriptBuildPhase;
			buildActionMask = 2147483647;
			files = (
			);
			inputPaths = (
			);
			name = "📦 Embed Pods Frameworks";
			outputPaths = (
			);
			runOnlyForDeploymentPostprocessing = 0;
			shellPath = /bin/sh;
			shellScript = "\"${SRCROOT}/Pods/Target Support Files/Pods-Applitude/Pods-Applitude-frameworks.sh\"\n";
			showEnvVarsInLog = 0;
		};
		F490C35103F2730369824D8E /* Embed Pods Frameworks */ = {
			isa = PBXShellScriptBuildPhase;
			buildActionMask = 2147483647;
			files = (
			);
			inputPaths = (
			);
			name = "Embed Pods Frameworks";
			outputPaths = (
			);
			runOnlyForDeploymentPostprocessing = 0;
			shellPath = /bin/sh;
			shellScript = "\"${SRCROOT}/Pods/Target Support Files/Pods-Applitude/Pods-Applitude-frameworks.sh\"\n";
			showEnvVarsInLog = 0;
		};
/* End PBXShellScriptBuildPhase section */

/* Begin PBXSourcesBuildPhase section */
		4F7C75321C6E3AF4001EA5C8 /* Sources */ = {
			isa = PBXSourcesBuildPhase;
			buildActionMask = 2147483647;
			files = (
				9F8DD5CD1CE60496002652A3 /* DagensDishTableViewCell.swift in Sources */,
				6EF674F61C6E545B00B8C3F2 /* Dish.swift in Sources */,
				4F7C754E1C6E3FF9001EA5C8 /* DagensRestaurantTableViewCell.swift in Sources */,
				4FD9B5311C778F8200AA204D /* SettingsTableViewCell.swift in Sources */,
				9F7AAAC91C99C39D00320B31 /* RESTController.swift in Sources */,
				4F7C754C1C6E3DF3001EA5C8 /* DagensTableViewController.swift in Sources */,
				4F7C753A1C6E3AF4001EA5C8 /* AppDelegate.swift in Sources */,
				9FBA773B1C777D0200AB6271 /* Restaurant.swift in Sources */,
				9F937B771C6E6A5600AB947D /* DataManager.swift in Sources */,
				9F937B751C6E67ED00AB947D /* Settings.swift in Sources */,
				9F937B7D1C6E750A00AB947D /* SettingsTableViewController.swift in Sources */,
			);
			runOnlyForDeploymentPostprocessing = 0;
		};
/* End PBXSourcesBuildPhase section */

/* Begin PBXVariantGroup section */
		4F7C753D1C6E3AF4001EA5C8 /* Main.storyboard */ = {
			isa = PBXVariantGroup;
			children = (
				4F7C753E1C6E3AF4001EA5C8 /* Base */,
			);
			name = Main.storyboard;
			sourceTree = "<group>";
		};
		4F7C75421C6E3AF4001EA5C8 /* LaunchScreen.storyboard */ = {
			isa = PBXVariantGroup;
			children = (
				4F7C75431C6E3AF4001EA5C8 /* Base */,
			);
			name = LaunchScreen.storyboard;
			sourceTree = "<group>";
		};
/* End PBXVariantGroup section */

/* Begin XCBuildConfiguration section */
		4F7C75461C6E3AF4001EA5C8 /* Debug */ = {
			isa = XCBuildConfiguration;
			buildSettings = {
				ALWAYS_SEARCH_USER_PATHS = NO;
				CLANG_CXX_LANGUAGE_STANDARD = "gnu++0x";
				CLANG_CXX_LIBRARY = "libc++";
				CLANG_ENABLE_MODULES = YES;
				CLANG_ENABLE_OBJC_ARC = YES;
				CLANG_WARN_BOOL_CONVERSION = YES;
				CLANG_WARN_CONSTANT_CONVERSION = YES;
				CLANG_WARN_DIRECT_OBJC_ISA_USAGE = YES_ERROR;
				CLANG_WARN_EMPTY_BODY = YES;
				CLANG_WARN_ENUM_CONVERSION = YES;
				CLANG_WARN_INT_CONVERSION = YES;
				CLANG_WARN_OBJC_ROOT_CLASS = YES_ERROR;
				CLANG_WARN_UNREACHABLE_CODE = YES;
				CLANG_WARN__DUPLICATE_METHOD_MATCH = YES;
				"CODE_SIGN_IDENTITY[sdk=iphoneos*]" = "iPhone Developer";
				COPY_PHASE_STRIP = NO;
				DEBUG_INFORMATION_FORMAT = dwarf;
				ENABLE_STRICT_OBJC_MSGSEND = YES;
				ENABLE_TESTABILITY = YES;
				GCC_C_LANGUAGE_STANDARD = gnu99;
				GCC_DYNAMIC_NO_PIC = NO;
				GCC_NO_COMMON_BLOCKS = YES;
				GCC_OPTIMIZATION_LEVEL = 0;
				GCC_PREPROCESSOR_DEFINITIONS = (
					"DEBUG=1",
					"$(inherited)",
				);
				GCC_WARN_64_TO_32_BIT_CONVERSION = YES;
				GCC_WARN_ABOUT_RETURN_TYPE = YES_ERROR;
				GCC_WARN_UNDECLARED_SELECTOR = YES;
				GCC_WARN_UNINITIALIZED_AUTOS = YES_AGGRESSIVE;
				GCC_WARN_UNUSED_FUNCTION = YES;
				GCC_WARN_UNUSED_VARIABLE = YES;
				IPHONEOS_DEPLOYMENT_TARGET = 9.2;
				MTL_ENABLE_DEBUG_INFO = YES;
				ONLY_ACTIVE_ARCH = YES;
				SDKROOT = iphoneos;
				SWIFT_OPTIMIZATION_LEVEL = "-Onone";
				TARGETED_DEVICE_FAMILY = "1,2";
			};
			name = Debug;
		};
		4F7C75471C6E3AF4001EA5C8 /* Release */ = {
			isa = XCBuildConfiguration;
			buildSettings = {
				ALWAYS_SEARCH_USER_PATHS = NO;
				CLANG_CXX_LANGUAGE_STANDARD = "gnu++0x";
				CLANG_CXX_LIBRARY = "libc++";
				CLANG_ENABLE_MODULES = YES;
				CLANG_ENABLE_OBJC_ARC = YES;
				CLANG_WARN_BOOL_CONVERSION = YES;
				CLANG_WARN_CONSTANT_CONVERSION = YES;
				CLANG_WARN_DIRECT_OBJC_ISA_USAGE = YES_ERROR;
				CLANG_WARN_EMPTY_BODY = YES;
				CLANG_WARN_ENUM_CONVERSION = YES;
				CLANG_WARN_INT_CONVERSION = YES;
				CLANG_WARN_OBJC_ROOT_CLASS = YES_ERROR;
				CLANG_WARN_UNREACHABLE_CODE = YES;
				CLANG_WARN__DUPLICATE_METHOD_MATCH = YES;
				"CODE_SIGN_IDENTITY[sdk=iphoneos*]" = "iPhone Developer";
				COPY_PHASE_STRIP = NO;
				DEBUG_INFORMATION_FORMAT = "dwarf-with-dsym";
				ENABLE_NS_ASSERTIONS = NO;
				ENABLE_STRICT_OBJC_MSGSEND = YES;
				GCC_C_LANGUAGE_STANDARD = gnu99;
				GCC_NO_COMMON_BLOCKS = YES;
				GCC_WARN_64_TO_32_BIT_CONVERSION = YES;
				GCC_WARN_ABOUT_RETURN_TYPE = YES_ERROR;
				GCC_WARN_UNDECLARED_SELECTOR = YES;
				GCC_WARN_UNINITIALIZED_AUTOS = YES_AGGRESSIVE;
				GCC_WARN_UNUSED_FUNCTION = YES;
				GCC_WARN_UNUSED_VARIABLE = YES;
				IPHONEOS_DEPLOYMENT_TARGET = 9.2;
				MTL_ENABLE_DEBUG_INFO = NO;
				SDKROOT = iphoneos;
				TARGETED_DEVICE_FAMILY = "1,2";
				VALIDATE_PRODUCT = YES;
			};
			name = Release;
		};
		4F7C75491C6E3AF4001EA5C8 /* Debug */ = {
			isa = XCBuildConfiguration;
			baseConfigurationReference = 65A506F4DA927E13C71A8CD4 /* Pods-Applitude.debug.xcconfig */;
			buildSettings = {
				ASSETCATALOG_COMPILER_APPICON_NAME = AppIcon;
				CODE_SIGN_IDENTITY = "iPhone Developer";
				"CODE_SIGN_IDENTITY[sdk=iphoneos*]" = "iPhone Developer";
				INFOPLIST_FILE = Applitude/Info.plist;
				IPHONEOS_DEPLOYMENT_TARGET = 8.0;
				LD_RUNPATH_SEARCH_PATHS = "$(inherited) @executable_path/Frameworks";
				PRODUCT_BUNDLE_IDENTIFIER = com.applitude.Applitude;
				PRODUCT_NAME = "$(TARGET_NAME)";
				PROVISIONING_PROFILE = "";
				TARGETED_DEVICE_FAMILY = "1,2";
			};
			name = Debug;
		};
		4F7C754A1C6E3AF4001EA5C8 /* Release */ = {
			isa = XCBuildConfiguration;
			baseConfigurationReference = BDE31878E176434BE9799C19 /* Pods-Applitude.release.xcconfig */;
			buildSettings = {
				ASSETCATALOG_COMPILER_APPICON_NAME = AppIcon;
				CODE_SIGN_IDENTITY = "iPhone Developer";
				"CODE_SIGN_IDENTITY[sdk=iphoneos*]" = "iPhone Developer";
				INFOPLIST_FILE = Applitude/Info.plist;
				IPHONEOS_DEPLOYMENT_TARGET = 8.0;
				LD_RUNPATH_SEARCH_PATHS = "$(inherited) @executable_path/Frameworks";
				PRODUCT_BUNDLE_IDENTIFIER = com.applitude.Applitude;
				PRODUCT_NAME = "$(TARGET_NAME)";
				PROVISIONING_PROFILE = "";
				TARGETED_DEVICE_FAMILY = "1,2";
			};
			name = Release;
		};
/* End XCBuildConfiguration section */

/* Begin XCConfigurationList section */
		4F7C75311C6E3AF4001EA5C8 /* Build configuration list for PBXProject "Applitude" */ = {
			isa = XCConfigurationList;
			buildConfigurations = (
				4F7C75461C6E3AF4001EA5C8 /* Debug */,
				4F7C75471C6E3AF4001EA5C8 /* Release */,
			);
			defaultConfigurationIsVisible = 0;
			defaultConfigurationName = Release;
		};
		4F7C75481C6E3AF4001EA5C8 /* Build configuration list for PBXNativeTarget "Applitude" */ = {
			isa = XCConfigurationList;
			buildConfigurations = (
				4F7C75491C6E3AF4001EA5C8 /* Debug */,
				4F7C754A1C6E3AF4001EA5C8 /* Release */,
			);
			defaultConfigurationIsVisible = 0;
			defaultConfigurationName = Release;
		};
/* End XCConfigurationList section */
	};
	rootObject = 4F7C752E1C6E3AF4001EA5C8 /* Project object */;
}
